// !$*UTF8*$!
{
	archiveVersion = 1;
	classes = {
	};
	objectVersion = 50;
	objects = {

/* Begin PBXBuildFile section */
		33685210267C8B9D00B29A2E /* Awesome_AppApp.swift in Sources */ = {isa = PBXBuildFile; fileRef = 336851FD267C8B9A00B29A2E /* Awesome_AppApp.swift */; };
		33685211267C8B9D00B29A2E /* Awesome_AppApp.swift in Sources */ = {isa = PBXBuildFile; fileRef = 336851FD267C8B9A00B29A2E /* Awesome_AppApp.swift */; };
		33685212267C8B9D00B29A2E /* ContentView.swift in Sources */ = {isa = PBXBuildFile; fileRef = 336851FE267C8B9A00B29A2E /* ContentView.swift */; };
		33685213267C8B9D00B29A2E /* ContentView.swift in Sources */ = {isa = PBXBuildFile; fileRef = 336851FE267C8B9A00B29A2E /* ContentView.swift */; };
		33685214267C8B9D00B29A2E /* Assets.xcassets in Resources */ = {isa = PBXBuildFile; fileRef = 336851FF267C8B9D00B29A2E /* Assets.xcassets */; };
		33685215267C8B9D00B29A2E /* Assets.xcassets in Resources */ = {isa = PBXBuildFile; fileRef = 336851FF267C8B9D00B29A2E /* Assets.xcassets */; };
		3368521F267C8BE600B29A2E /* Meal.swift in Sources */ = {isa = PBXBuildFile; fileRef = 3368521E267C8BE600B29A2E /* Meal.swift */; };
		33685220267C8BE600B29A2E /* Meal.swift in Sources */ = {isa = PBXBuildFile; fileRef = 3368521E267C8BE600B29A2E /* Meal.swift */; };
		33685222267C8F1800B29A2E /* MealDetailsView.swift in Sources */ = {isa = PBXBuildFile; fileRef = 33685221267C8F1800B29A2E /* MealDetailsView.swift */; };
		33685223267C8F1800B29A2E /* MealDetailsView.swift in Sources */ = {isa = PBXBuildFile; fileRef = 33685221267C8F1800B29A2E /* MealDetailsView.swift */; };
/* End PBXBuildFile section */

/* Begin PBXFileReference section */
		336851FD267C8B9A00B29A2E /* Awesome_AppApp.swift */ = {isa = PBXFileReference; lastKnownFileType = sourcecode.swift; path = Awesome_AppApp.swift; sourceTree = "<group>"; };
		336851FE267C8B9A00B29A2E /* ContentView.swift */ = {isa = PBXFileReference; lastKnownFileType = sourcecode.swift; path = ContentView.swift; sourceTree = "<group>"; };
		336851FF267C8B9D00B29A2E /* Assets.xcassets */ = {isa = PBXFileReference; lastKnownFileType = folder.assetcatalog; path = Assets.xcassets; sourceTree = "<group>"; };
		33685204267C8B9D00B29A2E /* Awesome App.app */ = {isa = PBXFileReference; explicitFileType = wrapper.application; includeInIndex = 0; path = "Awesome App.app"; sourceTree = BUILT_PRODUCTS_DIR; };
		33685207267C8B9D00B29A2E /* Info.plist */ = {isa = PBXFileReference; lastKnownFileType = text.plist.xml; path = Info.plist; sourceTree = "<group>"; };
		3368520C267C8B9D00B29A2E /* Awesome App.app */ = {isa = PBXFileReference; explicitFileType = wrapper.application; includeInIndex = 0; path = "Awesome App.app"; sourceTree = BUILT_PRODUCTS_DIR; };
		3368520E267C8B9D00B29A2E /* Info.plist */ = {isa = PBXFileReference; lastKnownFileType = text.plist.xml; path = Info.plist; sourceTree = "<group>"; };
		3368520F267C8B9D00B29A2E /* macOS.entitlements */ = {isa = PBXFileReference; lastKnownFileType = text.plist.entitlements; path = macOS.entitlements; sourceTree = "<group>"; };
		3368521E267C8BE600B29A2E /* Meal.swift */ = {isa = PBXFileReference; lastKnownFileType = sourcecode.swift; path = Meal.swift; sourceTree = "<group>"; };
		33685221267C8F1800B29A2E /* MealDetailsView.swift */ = {isa = PBXFileReference; lastKnownFileType = sourcecode.swift; path = MealDetailsView.swift; sourceTree = "<group>"; };
/* End PBXFileReference section */

/* Begin PBXFrameworksBuildPhase section */
		33685201267C8B9D00B29A2E /* Frameworks */ = {
			isa = PBXFrameworksBuildPhase;
			buildActionMask = 2147483647;
			files = (
			);
			runOnlyForDeploymentPostprocessing = 0;
		};
		33685209267C8B9D00B29A2E /* Frameworks */ = {
			isa = PBXFrameworksBuildPhase;
			buildActionMask = 2147483647;
			files = (
			);
			runOnlyForDeploymentPostprocessing = 0;
		};
/* End PBXFrameworksBuildPhase section */

/* Begin PBXGroup section */
		336851F7267C8B9A00B29A2E = {
			isa = PBXGroup;
			children = (
				336851FC267C8B9A00B29A2E /* Shared */,
				33685206267C8B9D00B29A2E /* iOS */,
				3368520D267C8B9D00B29A2E /* macOS */,
				33685205267C8B9D00B29A2E /* Products */,
			);
			sourceTree = "<group>";
		};
		336851FC267C8B9A00B29A2E /* Shared */ = {
			isa = PBXGroup;
			children = (
				336851FD267C8B9A00B29A2E /* Awesome_AppApp.swift */,
				336851FE267C8B9A00B29A2E /* ContentView.swift */,
				33685221267C8F1800B29A2E /* MealDetailsView.swift */,
				3368521E267C8BE600B29A2E /* Meal.swift */,
				336851FF267C8B9D00B29A2E /* Assets.xcassets */,
			);
			path = Shared;
			sourceTree = "<group>";
		};
		33685205267C8B9D00B29A2E /* Products */ = {
			isa = PBXGroup;
			children = (
				33685204267C8B9D00B29A2E /* Awesome App.app */,
				3368520C267C8B9D00B29A2E /* Awesome App.app */,
			);
			name = Products;
			sourceTree = "<group>";
		};
		33685206267C8B9D00B29A2E /* iOS */ = {
			isa = PBXGroup;
			children = (
				33685207267C8B9D00B29A2E /* Info.plist */,
			);
			path = iOS;
			sourceTree = "<group>";
		};
		3368520D267C8B9D00B29A2E /* macOS */ = {
			isa = PBXGroup;
			children = (
				3368520E267C8B9D00B29A2E /* Info.plist */,
				3368520F267C8B9D00B29A2E /* macOS.entitlements */,
			);
			path = macOS;
			sourceTree = "<group>";
		};
/* End PBXGroup section */

/* Begin PBXNativeTarget section */
		33685203267C8B9D00B29A2E /* Awesome App (iOS) */ = {
			isa = PBXNativeTarget;
			buildConfigurationList = 33685218267C8B9D00B29A2E /* Build configuration list for PBXNativeTarget "Awesome App (iOS)" */;
			buildPhases = (
				33685200267C8B9D00B29A2E /* Sources */,
				33685201267C8B9D00B29A2E /* Frameworks */,
				33685202267C8B9D00B29A2E /* Resources */,
			);
			buildRules = (
			);
			dependencies = (
			);
			name = "Awesome App (iOS)";
			productName = "Awesome App (iOS)";
			productReference = 33685204267C8B9D00B29A2E /* Awesome App.app */;
			productType = "com.apple.product-type.application";
		};
		3368520B267C8B9D00B29A2E /* Awesome App (macOS) */ = {
			isa = PBXNativeTarget;
			buildConfigurationList = 3368521B267C8B9D00B29A2E /* Build configuration list for PBXNativeTarget "Awesome App (macOS)" */;
			buildPhases = (
				33685208267C8B9D00B29A2E /* Sources */,
				33685209267C8B9D00B29A2E /* Frameworks */,
				3368520A267C8B9D00B29A2E /* Resources */,
			);
			buildRules = (
			);
			dependencies = (
			);
			name = "Awesome App (macOS)";
			productName = "Awesome App (macOS)";
			productReference = 3368520C267C8B9D00B29A2E /* Awesome App.app */;
			productType = "com.apple.product-type.application";
		};
/* End PBXNativeTarget section */

/* Begin PBXProject section */
		336851F8267C8B9A00B29A2E /* Project object */ = {
			isa = PBXProject;
			attributes = {
				LastSwiftUpdateCheck = 1250;
				LastUpgradeCheck = 1250;
				TargetAttributes = {
					33685203267C8B9D00B29A2E = {
						CreatedOnToolsVersion = 12.5;
					};
					3368520B267C8B9D00B29A2E = {
						CreatedOnToolsVersion = 12.5;
					};
				};
			};
			buildConfigurationList = 336851FB267C8B9A00B29A2E /* Build configuration list for PBXProject "Awesome App" */;
			compatibilityVersion = "Xcode 9.3";
			developmentRegion = en;
			hasScannedForEncodings = 0;
			knownRegions = (
				en,
				Base,
			);
			mainGroup = 336851F7267C8B9A00B29A2E;
			productRefGroup = 33685205267C8B9D00B29A2E /* Products */;
			projectDirPath = "";
			projectRoot = "";
			targets = (
				33685203267C8B9D00B29A2E /* Awesome App (iOS) */,
				3368520B267C8B9D00B29A2E /* Awesome App (macOS) */,
			);
		};
/* End PBXProject section */

/* Begin PBXResourcesBuildPhase section */
		33685202267C8B9D00B29A2E /* Resources */ = {
			isa = PBXResourcesBuildPhase;
			buildActionMask = 2147483647;
			files = (
				33685214267C8B9D00B29A2E /* Assets.xcassets in Resources */,
			);
			runOnlyForDeploymentPostprocessing = 0;
		};
		3368520A267C8B9D00B29A2E /* Resources */ = {
			isa = PBXResourcesBuildPhase;
			buildActionMask = 2147483647;
			files = (
				33685215267C8B9D00B29A2E /* Assets.xcassets in Resources */,
			);
			runOnlyForDeploymentPostprocessing = 0;
		};
/* End PBXResourcesBuildPhase section */

/* Begin PBXSourcesBuildPhase section */
		33685200267C8B9D00B29A2E /* Sources */ = {
			isa = PBXSourcesBuildPhase;
			buildActionMask = 2147483647;
			files = (
				33685222267C8F1800B29A2E /* MealDetailsView.swift in Sources */,
				33685212267C8B9D00B29A2E /* ContentView.swift in Sources */,
				3368521F267C8BE600B29A2E /* Meal.swift in Sources */,
				33685210267C8B9D00B29A2E /* Awesome_AppApp.swift in Sources */,
			);
			runOnlyForDeploymentPostprocessing = 0;
		};
		33685208267C8B9D00B29A2E /* Sources */ = {
			isa = PBXSourcesBuildPhase;
			buildActionMask = 2147483647;
			files = (
				33685223267C8F1800B29A2E /* MealDetailsView.swift in Sources */,
				33685213267C8B9D00B29A2E /* ContentView.swift in Sources */,
				33685220267C8BE600B29A2E /* Meal.swift in Sources */,
				33685211267C8B9D00B29A2E /* Awesome_AppApp.swift in Sources */,
			);
			runOnlyForDeploymentPostprocessing = 0;
		};
/* End PBXSourcesBuildPhase section */

/* Begin XCBuildConfiguration section */
		33685216267C8B9D00B29A2E /* Debug */ = {
			isa = XCBuildConfiguration;
			buildSettings = {
				ALWAYS_SEARCH_USER_PATHS = NO;
				CLANG_ANALYZER_NONNULL = YES;
				CLANG_ANALYZER_NUMBER_OBJECT_CONVERSION = YES_AGGRESSIVE;
				CLANG_CXX_LANGUAGE_STANDARD = "gnu++14";
				CLANG_CXX_LIBRARY = "libc++";
				CLANG_ENABLE_MODULES = YES;
				CLANG_ENABLE_OBJC_ARC = YES;
				CLANG_ENABLE_OBJC_WEAK = YES;
				CLANG_WARN_BLOCK_CAPTURE_AUTORELEASING = YES;
				CLANG_WARN_BOOL_CONVERSION = YES;
				CLANG_WARN_COMMA = YES;
				CLANG_WARN_CONSTANT_CONVERSION = YES;
				CLANG_WARN_DEPRECATED_OBJC_IMPLEMENTATIONS = YES;
				CLANG_WARN_DIRECT_OBJC_ISA_USAGE = YES_ERROR;
				CLANG_WARN_DOCUMENTATION_COMMENTS = YES;
				CLANG_WARN_EMPTY_BODY = YES;
				CLANG_WARN_ENUM_CONVERSION = YES;
				CLANG_WARN_INFINITE_RECURSION = YES;
				CLANG_WARN_INT_CONVERSION = YES;
				CLANG_WARN_NON_LITERAL_NULL_CONVERSION = YES;
				CLANG_WARN_OBJC_IMPLICIT_RETAIN_SELF = YES;
				CLANG_WARN_OBJC_LITERAL_CONVERSION = YES;
				CLANG_WARN_OBJC_ROOT_CLASS = YES_ERROR;
				CLANG_WARN_QUOTED_INCLUDE_IN_FRAMEWORK_HEADER = YES;
				CLANG_WARN_RANGE_LOOP_ANALYSIS = YES;
				CLANG_WARN_STRICT_PROTOTYPES = YES;
				CLANG_WARN_SUSPICIOUS_MOVE = YES;
				CLANG_WARN_UNGUARDED_AVAILABILITY = YES_AGGRESSIVE;
				CLANG_WARN_UNREACHABLE_CODE = YES;
				CLANG_WARN__DUPLICATE_METHOD_MATCH = YES;
				COPY_PHASE_STRIP = NO;
				DEBUG_INFORMATION_FORMAT = dwarf;
				ENABLE_STRICT_OBJC_MSGSEND = YES;
				ENABLE_TESTABILITY = YES;
				GCC_C_LANGUAGE_STANDARD = gnu11;
				GCC_DYNAMIC_NO_PIC = NO;
				GCC_NO_COMMON_BLOCKS = YES;
				GCC_OPTIMIZATION_LEVEL = 0;
				GCC_PREPROCESSOR_DEFINITIONS = (
					"DEBUG=1",
					"$(inherited)",
				);
				GCC_WARN_64_TO_32_BIT_CONVERSION = YES;
				GCC_WARN_ABOUT_RETURN_TYPE = YES_ERROR;
				GCC_WARN_UNDECLARED_SELECTOR = YES;
				GCC_WARN_UNINITIALIZED_AUTOS = YES_AGGRESSIVE;
				GCC_WARN_UNUSED_FUNCTION = YES;
				GCC_WARN_UNUSED_VARIABLE = YES;
				MTL_ENABLE_DEBUG_INFO = INCLUDE_SOURCE;
				MTL_FAST_MATH = YES;
				ONLY_ACTIVE_ARCH = YES;
				SWIFT_ACTIVE_COMPILATION_CONDITIONS = DEBUG;
				SWIFT_OPTIMIZATION_LEVEL = "-Onone";
			};
			name = Debug;
		};
		33685217267C8B9D00B29A2E /* Release */ = {
			isa = XCBuildConfiguration;
			buildSettings = {
				ALWAYS_SEARCH_USER_PATHS = NO;
				CLANG_ANALYZER_NONNULL = YES;
				CLANG_ANALYZER_NUMBER_OBJECT_CONVERSION = YES_AGGRESSIVE;
				CLANG_CXX_LANGUAGE_STANDARD = "gnu++14";
				CLANG_CXX_LIBRARY = "libc++";
				CLANG_ENABLE_MODULES = YES;
				CLANG_ENABLE_OBJC_ARC = YES;
				CLANG_ENABLE_OBJC_WEAK = YES;
				CLANG_WARN_BLOCK_CAPTURE_AUTORELEASING = YES;
				CLANG_WARN_BOOL_CONVERSION = YES;
				CLANG_WARN_COMMA = YES;
				CLANG_WARN_CONSTANT_CONVERSION = YES;
				CLANG_WARN_DEPRECATED_OBJC_IMPLEMENTATIONS = YES;
				CLANG_WARN_DIRECT_OBJC_ISA_USAGE = YES_ERROR;
				CLANG_WARN_DOCUMENTATION_COMMENTS = YES;
				CLANG_WARN_EMPTY_BODY = YES;
				CLANG_WARN_ENUM_CONVERSION = YES;
				CLANG_WARN_INFINITE_RECURSION = YES;
				CLANG_WARN_INT_CONVERSION = YES;
				CLANG_WARN_NON_LITERAL_NULL_CONVERSION = YES;
				CLANG_WARN_OBJC_IMPLICIT_RETAIN_SELF = YES;
				CLANG_WARN_OBJC_LITERAL_CONVERSION = YES;
				CLANG_WARN_OBJC_ROOT_CLASS = YES_ERROR;
				CLANG_WARN_QUOTED_INCLUDE_IN_FRAMEWORK_HEADER = YES;
				CLANG_WARN_RANGE_LOOP_ANALYSIS = YES;
				CLANG_WARN_STRICT_PROTOTYPES = YES;
				CLANG_WARN_SUSPICIOUS_MOVE = YES;
				CLANG_WARN_UNGUARDED_AVAILABILITY = YES_AGGRESSIVE;
				CLANG_WARN_UNREACHABLE_CODE = YES;
				CLANG_WARN__DUPLICATE_METHOD_MATCH = YES;
				COPY_PHASE_STRIP = NO;
				DEBUG_INFORMATION_FORMAT = "dwarf-with-dsym";
				ENABLE_NS_ASSERTIONS = NO;
				ENABLE_STRICT_OBJC_MSGSEND = YES;
				GCC_C_LANGUAGE_STANDARD = gnu11;
				GCC_NO_COMMON_BLOCKS = YES;
				GCC_WARN_64_TO_32_BIT_CONVERSION = YES;
				GCC_WARN_ABOUT_RETURN_TYPE = YES_ERROR;
				GCC_WARN_UNDECLARED_SELECTOR = YES;
				GCC_WARN_UNINITIALIZED_AUTOS = YES_AGGRESSIVE;
				GCC_WARN_UNUSED_FUNCTION = YES;
				GCC_WARN_UNUSED_VARIABLE = YES;
				MTL_ENABLE_DEBUG_INFO = NO;
				MTL_FAST_MATH = YES;
				SWIFT_COMPILATION_MODE = wholemodule;
				SWIFT_OPTIMIZATION_LEVEL = "-O";
			};
			name = Release;
		};
		33685219267C8B9D00B29A2E /* Debug */ = {
			isa = XCBuildConfiguration;
			buildSettings = {
				ASSETCATALOG_COMPILER_APPICON_NAME = AppIcon;
				ASSETCATALOG_COMPILER_GLOBAL_ACCENT_COLOR_NAME = AccentColor;
				CODE_SIGN_STYLE = Automatic;
				DEVELOPMENT_TEAM = A7SGM6JEMA;
				ENABLE_PREVIEWS = YES;
				INFOPLIST_FILE = iOS/Info.plist;
				IPHONEOS_DEPLOYMENT_TARGET = 14.0;
				LD_RUNPATH_SEARCH_PATHS = (
					"$(inherited)",
					"@executable_path/Frameworks",
				);
				PRODUCT_BUNDLE_IDENTIFIER = "com.tectec.Awesome-App";
				PRODUCT_NAME = "Awesome App";
				SDKROOT = iphoneos;
				SWIFT_VERSION = 5.0;
				TARGETED_DEVICE_FAMILY = "1,2";
			};
			name = Debug;
		};
		3368521A267C8B9D00B29A2E /* Release */ = {
			isa = XCBuildConfiguration;
			buildSettings = {
				ASSETCATALOG_COMPILER_APPICON_NAME = AppIcon;
				ASSETCATALOG_COMPILER_GLOBAL_ACCENT_COLOR_NAME = AccentColor;
				CODE_SIGN_STYLE = Automatic;
				DEVELOPMENT_TEAM = A7SGM6JEMA;
				ENABLE_PREVIEWS = YES;
				INFOPLIST_FILE = iOS/Info.plist;
				IPHONEOS_DEPLOYMENT_TARGET = 14.0;
				LD_RUNPATH_SEARCH_PATHS = (
					"$(inherited)",
					"@executable_path/Frameworks",
				);
				PRODUCT_BUNDLE_IDENTIFIER = "com.tectec.Awesome-App";
				PRODUCT_NAME = "Awesome App";
				SDKROOT = iphoneos;
				SWIFT_VERSION = 5.0;
				TARGETED_DEVICE_FAMILY = "1,2";
				VALIDATE_PRODUCT = YES;
			};
			name = Release;
		};
		3368521C267C8B9D00B29A2E /* Debug */ = {
			isa = XCBuildConfiguration;
			buildSettings = {
				ASSETCATALOG_COMPILER_APPICON_NAME = AppIcon;
				ASSETCATALOG_COMPILER_GLOBAL_ACCENT_COLOR_NAME = AccentColor;
				CODE_SIGN_ENTITLEMENTS = macOS/macOS.entitlements;
				CODE_SIGN_STYLE = Automatic;
				COMBINE_HIDPI_IMAGES = YES;
				DEVELOPMENT_TEAM = A7SGM6JEMA;
				ENABLE_HARDENED_RUNTIME = YES;
				ENABLE_PREVIEWS = YES;
				INFOPLIST_FILE = macOS/Info.plist;
				LD_RUNPATH_SEARCH_PATHS = (
					"$(inherited)",
					"@executable_path/../Frameworks",
				);
				MACOSX_DEPLOYMENT_TARGET = 11.0;
				PRODUCT_BUNDLE_IDENTIFIER = "com.tectec.Awesome-App";
				PRODUCT_NAME = "Awesome App";
				SDKROOT = macosx;
				SWIFT_VERSION = 5.0;
			};
			name = Debug;
		};
		3368521D267C8B9D00B29A2E /* Release */ = {
			isa = XCBuildConfiguration;
			buildSettings = {
				ASSETCATALOG_COMPILER_APPICON_NAME = AppIcon;
				ASSETCATALOG_COMPILER_GLOBAL_ACCENT_COLOR_NAME = AccentColor;
				CODE_SIGN_ENTITLEMENTS = macOS/macOS.entitlements;
				CODE_SIGN_STYLE = Automatic;
				COMBINE_HIDPI_IMAGES = YES;
				DEVELOPMENT_TEAM = A7SGM6JEMA;
				ENABLE_HARDENED_RUNTIME = YES;
				ENABLE_PREVIEWS = YES;
				INFOPLIST_FILE = macOS/Info.plist;
				LD_RUNPATH_SEARCH_PATHS = (
					"$(inherited)",
					"@executable_path/../Frameworks",
				);
				MACOSX_DEPLOYMENT_TARGET = 11.0;
				PRODUCT_BUNDLE_IDENTIFIER = "com.tectec.Awesome-App";
				PRODUCT_NAME = "Awesome App";
				SDKROOT = macosx;
				SWIFT_VERSION = 5.0;
			};
			name = Release;
		};
/* End XCBuildConfiguration section */

/* Begin XCConfigurationList section */
		336851FB267C8B9A00B29A2E /* Build configuration list for PBXProject "Awesome App" */ = {
			isa = XCConfigurationList;
			buildConfigurations = (
				33685216267C8B9D00B29A2E /* Debug */,
				33685217267C8B9D00B29A2E /* Release */,
			);
			defaultConfigurationIsVisible = 0;
			defaultConfigurationName = Release;
		};
		33685218267C8B9D00B29A2E /* Build configuration list for PBXNativeTarget "Awesome App (iOS)" */ = {
			isa = XCConfigurationList;
			buildConfigurations = (
				33685219267C8B9D00B29A2E /* Debug */,
				3368521A267C8B9D00B29A2E /* Release */,
			);
			defaultConfigurationIsVisible = 0;
			defaultConfigurationName = Release;
		};
		3368521B267C8B9D00B29A2E /* Build configuration list for PBXNativeTarget "Awesome App (macOS)" */ = {
			isa = XCConfigurationList;
			buildConfigurations = (
				3368521C267C8B9D00B29A2E /* Debug */,
				3368521D267C8B9D00B29A2E /* Release */,
			);
			defaultConfigurationIsVisible = 0;
			defaultConfigurationName = Release;
		};
/* End XCConfigurationList section */
	};
	rootObject = 336851F8267C8B9A00B29A2E /* Project object */;
}
